<Solution>
  <Project Path="VoxCrm.Api/VoxCrm.Api.csproj" />
  <Project Path="VoxCrm.Application/VoxCrm.Application.csproj" />
  <Project Path="VoxCrm.Domain/VoxCrm.Domain.csproj" />
  <Project Path="VoxCrm.Infrastructure/VoxCrm.Infrastructure.csproj" />
  <Project Path="VoxCrm.IntegrationTests/VoxCrm.IntegrationTests.csproj" />
  <Project Path="VoxCrm.Web/VoxCrm.Web.csproj" />
</Solution>
